
Microsoft Visual Studio Solution File, Format Version 12.00
# Visual Studio Version 16
VisualStudioVersion = 16.0.29123.88
MinimumVisualStudioVersion = 10.0.40219.1
Project("{FAE04EC0-301F-11D3-BF4B-00C04F79EFBC}") = "AutoMilestoneV2", "AutoMilestoneV2\AutoMilestoneV2.csproj", "{AD48308D-CBD4-46A8-9581-B41347204F46}"
EndProject
Global
	GlobalSection(SolutionConfigurationPlatforms) = preSolution
		Debug|Any CPU = Debug|Any CPU
		Release|Any CPU = Release|Any CPU
	EndGlobalSection
	GlobalSection(ProjectConfigurationPlatforms) = postSolution
		{AD48308D-CBD4-46A8-9581-B41347204F46}.Debug|Any CPU.ActiveCfg = Debug|Any CPU
		{AD48308D-CBD4-46A8-9581-B41347204F46}.Debug|Any CPU.Build.0 = Debug|Any CPU
		{AD48308D-CBD4-46A8-9581-B41347204F46}.Release|Any CPU.ActiveCfg = Release|Any CPU
		{AD48308D-CBD4-46A8-9581-B41347204F46}.Release|Any CPU.Build.0 = Release|Any CPU
	EndGlobalSection
	GlobalSection(SolutionProperties) = preSolution
		HideSolutionNode = FALSE
	EndGlobalSection
	GlobalSection(ExtensibilityGlobals) = postSolution
		SolutionGuid = {84C1BBF8-4C58-4EBE-ADF1-781692614738}
	EndGlobalSection
EndGlobal
